// !$*UTF8*$!
{
	archiveVersion = 1;
	classes = {
	};
	objectVersion = 56;
	objects = {

/* Begin PBXBuildFile section */
		47ABD1D9288654C50090387F /* UI_617App.swift in Sources */ = {isa = PBXBuildFile; fileRef = 47ABD1D8288654C50090387F /* UI_617App.swift */; };
		47ABD1DB288654C50090387F /* ContentView.swift in Sources */ = {isa = PBXBuildFile; fileRef = 47ABD1DA288654C50090387F /* ContentView.swift */; };
		47ABD1DD288654C60090387F /* Assets.xcassets in Resources */ = {isa = PBXBuildFile; fileRef = 47ABD1DC288654C60090387F /* Assets.xcassets */; };
		47ABD1E0288654C60090387F /* Preview Assets.xcassets in Resources */ = {isa = PBXBuildFile; fileRef = 47ABD1DF288654C60090387F /* Preview Assets.xcassets */; };
		47ABD1EA288654C60090387F /* UI_617Tests.swift in Sources */ = {isa = PBXBuildFile; fileRef = 47ABD1E9288654C60090387F /* UI_617Tests.swift */; };
		47ABD1F4288654C60090387F /* UI_617UITests.swift in Sources */ = {isa = PBXBuildFile; fileRef = 47ABD1F3288654C60090387F /* UI_617UITests.swift */; };
		47ABD1F6288654C60090387F /* UI_617UITestsLaunchTests.swift in Sources */ = {isa = PBXBuildFile; fileRef = 47ABD1F5288654C60090387F /* UI_617UITestsLaunchTests.swift */; };
		47ABD205288654DB0090387F /* GabrielaStencil-Light.ttf in Resources */ = {isa = PBXBuildFile; fileRef = 47ABD203288654DB0090387F /* GabrielaStencil-Light.ttf */; };
		47ABD206288654DB0090387F /* GabrielaStencil-Bold.ttf in Resources */ = {isa = PBXBuildFile; fileRef = 47ABD204288654DB0090387F /* GabrielaStencil-Bold.ttf */; };
		47ABD20A288654EC0090387F /* Place.swift in Sources */ = {isa = PBXBuildFile; fileRef = 47ABD209288654EC0090387F /* Place.swift */; };
		47ABD20C288654FD0090387F /* Home.swift in Sources */ = {isa = PBXBuildFile; fileRef = 47ABD20B288654FD0090387F /* Home.swift */; };
		47ABD210288656B30090387F /* MotionManager.swift in Sources */ = {isa = PBXBuildFile; fileRef = 47ABD20F288656B30090387F /* MotionManager.swift */; };
		47ABD213288680810090387F /* Extensions.swift in Sources */ = {isa = PBXBuildFile; fileRef = 47ABD212288680810090387F /* Extensions.swift */; };
/* End PBXBuildFile section */

/* Begin PBXContainerItemProxy section */
		47ABD1E6288654C60090387F /* PBXContainerItemProxy */ = {
			isa = PBXContainerItemProxy;
			containerPortal = 47ABD1CD288654C50090387F /* Project object */;
			proxyType = 1;
			remoteGlobalIDString = 47ABD1D4288654C50090387F;
			remoteInfo = "UI-617";
		};
		47ABD1F0288654C60090387F /* PBXContainerItemProxy */ = {
			isa = PBXContainerItemProxy;
			containerPortal = 47ABD1CD288654C50090387F /* Project object */;
			proxyType = 1;
			remoteGlobalIDString = 47ABD1D4288654C50090387F;
			remoteInfo = "UI-617";
		};
/* End PBXContainerItemProxy section */

/* Begin PBXFileReference section */
		47ABD1D5288654C50090387F /* UI-617.app */ = {isa = PBXFileReference; explicitFileType = wrapper.application; includeInIndex = 0; path = "UI-617.app"; sourceTree = BUILT_PRODUCTS_DIR; };
		47ABD1D8288654C50090387F /* UI_617App.swift */ = {isa = PBXFileReference; lastKnownFileType = sourcecode.swift; path = UI_617App.swift; sourceTree = "<group>"; };
		47ABD1DA288654C50090387F /* ContentView.swift */ = {isa = PBXFileReference; lastKnownFileType = sourcecode.swift; path = ContentView.swift; sourceTree = "<group>"; };
		47ABD1DC288654C60090387F /* Assets.xcassets */ = {isa = PBXFileReference; lastKnownFileType = folder.assetcatalog; path = Assets.xcassets; sourceTree = "<group>"; };
		47ABD1DF288654C60090387F /* Preview Assets.xcassets */ = {isa = PBXFileReference; lastKnownFileType = folder.assetcatalog; path = "Preview Assets.xcassets"; sourceTree = "<group>"; };
		47ABD1E5288654C60090387F /* UI-617Tests.xctest */ = {isa = PBXFileReference; explicitFileType = wrapper.cfbundle; includeInIndex = 0; path = "UI-617Tests.xctest"; sourceTree = BUILT_PRODUCTS_DIR; };
		47ABD1E9288654C60090387F /* UI_617Tests.swift */ = {isa = PBXFileReference; lastKnownFileType = sourcecode.swift; path = UI_617Tests.swift; sourceTree = "<group>"; };
		47ABD1EF288654C60090387F /* UI-617UITests.xctest */ = {isa = PBXFileReference; explicitFileType = wrapper.cfbundle; includeInIndex = 0; path = "UI-617UITests.xctest"; sourceTree = BUILT_PRODUCTS_DIR; };
		47ABD1F3288654C60090387F /* UI_617UITests.swift */ = {isa = PBXFileReference; lastKnownFileType = sourcecode.swift; path = UI_617UITests.swift; sourceTree = "<group>"; };
		47ABD1F5288654C60090387F /* UI_617UITestsLaunchTests.swift */ = {isa = PBXFileReference; lastKnownFileType = sourcecode.swift; path = UI_617UITestsLaunchTests.swift; sourceTree = "<group>"; };
		47ABD203288654DB0090387F /* GabrielaStencil-Light.ttf */ = {isa = PBXFileReference; lastKnownFileType = file; path = "GabrielaStencil-Light.ttf"; sourceTree = "<group>"; };
		47ABD204288654DB0090387F /* GabrielaStencil-Bold.ttf */ = {isa = PBXFileReference; lastKnownFileType = file; path = "GabrielaStencil-Bold.ttf"; sourceTree = "<group>"; };
		47ABD209288654EC0090387F /* Place.swift */ = {isa = PBXFileReference; lastKnownFileType = sourcecode.swift; path = Place.swift; sourceTree = "<group>"; };
		47ABD20B288654FD0090387F /* Home.swift */ = {isa = PBXFileReference; lastKnownFileType = sourcecode.swift; path = Home.swift; sourceTree = "<group>"; };
		47ABD20D288656100090387F /* Info.plist */ = {isa = PBXFileReference; lastKnownFileType = text.plist; path = Info.plist; sourceTree = "<group>"; };
		47ABD20F288656B30090387F /* MotionManager.swift */ = {isa = PBXFileReference; lastKnownFileType = sourcecode.swift; path = MotionManager.swift; sourceTree = "<group>"; };
		47ABD212288680810090387F /* Extensions.swift */ = {isa = PBXFileReference; lastKnownFileType = sourcecode.swift; path = Extensions.swift; sourceTree = "<group>"; };
/* End PBXFileReference section */

/* Begin PBXFrameworksBuildPhase section */
		47ABD1D2288654C50090387F /* Frameworks */ = {
			isa = PBXFrameworksBuildPhase;
			buildActionMask = 2147483647;
			files = (
			);
			runOnlyForDeploymentPostprocessing = 0;
		};
		47ABD1E2288654C60090387F /* Frameworks */ = {
			isa = PBXFrameworksBuildPhase;
			buildActionMask = 2147483647;
			files = (
			);
			runOnlyForDeploymentPostprocessing = 0;
		};
		47ABD1EC288654C60090387F /* Frameworks */ = {
			isa = PBXFrameworksBuildPhase;
			buildActionMask = 2147483647;
			files = (
			);
			runOnlyForDeploymentPostprocessing = 0;
		};
/* End PBXFrameworksBuildPhase section */

/* Begin PBXGroup section */
		47ABD1CC288654C50090387F = {
			isa = PBXGroup;
			children = (
				47ABD1D7288654C50090387F /* UI-617 */,
				47ABD1E8288654C60090387F /* UI-617Tests */,
				47ABD1F2288654C60090387F /* UI-617UITests */,
				47ABD1D6288654C50090387F /* Products */,
			);
			sourceTree = "<group>";
		};
		47ABD1D6288654C50090387F /* Products */ = {
			isa = PBXGroup;
			children = (
				47ABD1D5288654C50090387F /* UI-617.app */,
				47ABD1E5288654C60090387F /* UI-617Tests.xctest */,
				47ABD1EF288654C60090387F /* UI-617UITests.xctest */,
			);
			name = Products;
			sourceTree = "<group>";
		};
		47ABD1D7288654C50090387F /* UI-617 */ = {
			isa = PBXGroup;
			children = (
				47ABD211288680700090387F /* Helpers */,
				47ABD20E288656A70090387F /* ViewModel */,
				47ABD20D288656100090387F /* Info.plist */,
				47ABD208288654E40090387F /* Model */,
				47ABD207288654DE0090387F /* View */,
				47ABD202288654DB0090387F /* Fonts */,
				47ABD1D8288654C50090387F /* UI_617App.swift */,
				47ABD1DA288654C50090387F /* ContentView.swift */,
				47ABD1DC288654C60090387F /* Assets.xcassets */,
				47ABD1DE288654C60090387F /* Preview Content */,
			);
			path = "UI-617";
			sourceTree = "<group>";
		};
		47ABD1DE288654C60090387F /* Preview Content */ = {
			isa = PBXGroup;
			children = (
				47ABD1DF288654C60090387F /* Preview Assets.xcassets */,
			);
			path = "Preview Content";
			sourceTree = "<group>";
		};
		47ABD1E8288654C60090387F /* UI-617Tests */ = {
			isa = PBXGroup;
			children = (
				47ABD1E9288654C60090387F /* UI_617Tests.swift */,
			);
			path = "UI-617Tests";
			sourceTree = "<group>";
		};
		47ABD1F2288654C60090387F /* UI-617UITests */ = {
			isa = PBXGroup;
			children = (
				47ABD1F3288654C60090387F /* UI_617UITests.swift */,
				47ABD1F5288654C60090387F /* UI_617UITestsLaunchTests.swift */,
			);
			path = "UI-617UITests";
			sourceTree = "<group>";
		};
		47ABD202288654DB0090387F /* Fonts */ = {
			isa = PBXGroup;
			children = (
				47ABD203288654DB0090387F /* GabrielaStencil-Light.ttf */,
				47ABD204288654DB0090387F /* GabrielaStencil-Bold.ttf */,
			);
			path = Fonts;
			sourceTree = "<group>";
		};
		47ABD207288654DE0090387F /* View */ = {
			isa = PBXGroup;
			children = (
				47ABD20B288654FD0090387F /* Home.swift */,
			);
			path = View;
			sourceTree = "<group>";
		};
		47ABD208288654E40090387F /* Model */ = {
			isa = PBXGroup;
			children = (
				47ABD209288654EC0090387F /* Place.swift */,
			);
			path = Model;
			sourceTree = "<group>";
		};
		47ABD20E288656A70090387F /* ViewModel */ = {
			isa = PBXGroup;
			children = (
				47ABD20F288656B30090387F /* MotionManager.swift */,
			);
			path = ViewModel;
			sourceTree = "<group>";
		};
		47ABD211288680700090387F /* Helpers */ = {
			isa = PBXGroup;
			children = (
				47ABD212288680810090387F /* Extensions.swift */,
			);
			path = Helpers;
			sourceTree = "<group>";
		};
/* End PBXGroup section */

/* Begin PBXNativeTarget section */
		47ABD1D4288654C50090387F /* UI-617 */ = {
			isa = PBXNativeTarget;
			buildConfigurationList = 47ABD1F9288654C60090387F /* Build configuration list for PBXNativeTarget "UI-617" */;
			buildPhases = (
				47ABD1D1288654C50090387F /* Sources */,
				47ABD1D2288654C50090387F /* Frameworks */,
				47ABD1D3288654C50090387F /* Resources */,
			);
			buildRules = (
			);
			dependencies = (
			);
			name = "UI-617";
			productName = "UI-617";
			productReference = 47ABD1D5288654C50090387F /* UI-617.app */;
			productType = "com.apple.product-type.application";
		};
		47ABD1E4288654C60090387F /* UI-617Tests */ = {
			isa = PBXNativeTarget;
			buildConfigurationList = 47ABD1FC288654C60090387F /* Build configuration list for PBXNativeTarget "UI-617Tests" */;
			buildPhases = (
				47ABD1E1288654C60090387F /* Sources */,
				47ABD1E2288654C60090387F /* Frameworks */,
				47ABD1E3288654C60090387F /* Resources */,
			);
			buildRules = (
			);
			dependencies = (
				47ABD1E7288654C60090387F /* PBXTargetDependency */,
			);
			name = "UI-617Tests";
			productName = "UI-617Tests";
			productReference = 47ABD1E5288654C60090387F /* UI-617Tests.xctest */;
			productType = "com.apple.product-type.bundle.unit-test";
		};
		47ABD1EE288654C60090387F /* UI-617UITests */ = {
			isa = PBXNativeTarget;
			buildConfigurationList = 47ABD1FF288654C60090387F /* Build configuration list for PBXNativeTarget "UI-617UITests" */;
			buildPhases = (
				47ABD1EB288654C60090387F /* Sources */,
				47ABD1EC288654C60090387F /* Frameworks */,
				47ABD1ED288654C60090387F /* Resources */,
			);
			buildRules = (
			);
			dependencies = (
				47ABD1F1288654C60090387F /* PBXTargetDependency */,
			);
			name = "UI-617UITests";
			productName = "UI-617UITests";
			productReference = 47ABD1EF288654C60090387F /* UI-617UITests.xctest */;
			productType = "com.apple.product-type.bundle.ui-testing";
		};
/* End PBXNativeTarget section */

/* Begin PBXProject section */
		47ABD1CD288654C50090387F /* Project object */ = {
			isa = PBXProject;
			attributes = {
				BuildIndependentTargetsInParallel = 1;
				LastSwiftUpdateCheck = 1400;
				LastUpgradeCheck = 1400;
				TargetAttributes = {
					47ABD1D4288654C50090387F = {
						CreatedOnToolsVersion = 14.0;
					};
					47ABD1E4288654C60090387F = {
						CreatedOnToolsVersion = 14.0;
						TestTargetID = 47ABD1D4288654C50090387F;
					};
					47ABD1EE288654C60090387F = {
						CreatedOnToolsVersion = 14.0;
						TestTargetID = 47ABD1D4288654C50090387F;
					};
				};
			};
			buildConfigurationList = 47ABD1D0288654C50090387F /* Build configuration list for PBXProject "UI-617" */;
			compatibilityVersion = "Xcode 14.0";
			developmentRegion = en;
			hasScannedForEncodings = 0;
			knownRegions = (
				en,
				Base,
			);
			mainGroup = 47ABD1CC288654C50090387F;
			productRefGroup = 47ABD1D6288654C50090387F /* Products */;
			projectDirPath = "";
			projectRoot = "";
			targets = (
				47ABD1D4288654C50090387F /* UI-617 */,
				47ABD1E4288654C60090387F /* UI-617Tests */,
				47ABD1EE288654C60090387F /* UI-617UITests */,
			);
		};
/* End PBXProject section */

/* Begin PBXResourcesBuildPhase section */
		47ABD1D3288654C50090387F /* Resources */ = {
			isa = PBXResourcesBuildPhase;
			buildActionMask = 2147483647;
			files = (
				47ABD1E0288654C60090387F /* Preview Assets.xcassets in Resources */,
				47ABD205288654DB0090387F /* GabrielaStencil-Light.ttf in Resources */,
				47ABD1DD288654C60090387F /* Assets.xcassets in Resources */,
				47ABD206288654DB0090387F /* GabrielaStencil-Bold.ttf in Resources */,
			);
			runOnlyForDeploymentPostprocessing = 0;
		};
		47ABD1E3288654C60090387F /* Resources */ = {
			isa = PBXResourcesBuildPhase;
			buildActionMask = 2147483647;
			files = (
			);
			runOnlyForDeploymentPostprocessing = 0;
		};
		47ABD1ED288654C60090387F /* Resources */ = {
			isa = PBXResourcesBuildPhase;
			buildActionMask = 2147483647;
			files = (
			);
			runOnlyForDeploymentPostprocessing = 0;
		};
/* End PBXResourcesBuildPhase section */

/* Begin PBXSourcesBuildPhase section */
		47ABD1D1288654C50090387F /* Sources */ = {
			isa = PBXSourcesBuildPhase;
			buildActionMask = 2147483647;
			files = (
				47ABD20A288654EC0090387F /* Place.swift in Sources */,
				47ABD213288680810090387F /* Extensions.swift in Sources */,
				47ABD210288656B30090387F /* MotionManager.swift in Sources */,
				47ABD1DB288654C50090387F /* ContentView.swift in Sources */,
				47ABD20C288654FD0090387F /* Home.swift in Sources */,
				47ABD1D9288654C50090387F /* UI_617App.swift in Sources */,
			);
			runOnlyForDeploymentPostprocessing = 0;
		};
		47ABD1E1288654C60090387F /* Sources */ = {
			isa = PBXSourcesBuildPhase;
			buildActionMask = 2147483647;
			files = (
				47ABD1EA288654C60090387F /* UI_617Tests.swift in Sources */,
			);
			runOnlyForDeploymentPostprocessing = 0;
		};
		47ABD1EB288654C60090387F /* Sources */ = {
			isa = PBXSourcesBuildPhase;
			buildActionMask = 2147483647;
			files = (
				47ABD1F4288654C60090387F /* UI_617UITests.swift in Sources */,
				47ABD1F6288654C60090387F /* UI_617UITestsLaunchTests.swift in Sources */,
			);
			runOnlyForDeploymentPostprocessing = 0;
		};
/* End PBXSourcesBuildPhase section */

/* Begin PBXTargetDependency section */
		47ABD1E7288654C60090387F /* PBXTargetDependency */ = {
			isa = PBXTargetDependency;
			target = 47ABD1D4288654C50090387F /* UI-617 */;
			targetProxy = 47ABD1E6288654C60090387F /* PBXContainerItemProxy */;
		};
		47ABD1F1288654C60090387F /* PBXTargetDependency */ = {
			isa = PBXTargetDependency;
			target = 47ABD1D4288654C50090387F /* UI-617 */;
			targetProxy = 47ABD1F0288654C60090387F /* PBXContainerItemProxy */;
		};
/* End PBXTargetDependency section */

/* Begin XCBuildConfiguration section */
		47ABD1F7288654C60090387F /* Debug */ = {
			isa = XCBuildConfiguration;
			buildSettings = {
				ALWAYS_SEARCH_USER_PATHS = NO;
				CLANG_ANALYZER_NONNULL = YES;
				CLANG_ANALYZER_NUMBER_OBJECT_CONVERSION = YES_AGGRESSIVE;
				CLANG_CXX_LANGUAGE_STANDARD = "gnu++17";
				CLANG_ENABLE_MODULES = YES;
				CLANG_ENABLE_OBJC_ARC = YES;
				CLANG_ENABLE_OBJC_WEAK = YES;
				CLANG_WARN_BLOCK_CAPTURE_AUTORELEASING = YES;
				CLANG_WARN_BOOL_CONVERSION = YES;
				CLANG_WARN_COMMA = YES;
				CLANG_WARN_CONSTANT_CONVERSION = YES;
				CLANG_WARN_DEPRECATED_OBJC_IMPLEMENTATIONS = YES;
				CLANG_WARN_DIRECT_OBJC_ISA_USAGE = YES_ERROR;
				CLANG_WARN_DOCUMENTATION_COMMENTS = YES;
				CLANG_WARN_EMPTY_BODY = YES;
				CLANG_WARN_ENUM_CONVERSION = YES;
				CLANG_WARN_INFINITE_RECURSION = YES;
				CLANG_WARN_INT_CONVERSION = YES;
				CLANG_WARN_NON_LITERAL_NULL_CONVERSION = YES;
				CLANG_WARN_OBJC_IMPLICIT_RETAIN_SELF = YES;
				CLANG_WARN_OBJC_LITERAL_CONVERSION = YES;
				CLANG_WARN_OBJC_ROOT_CLASS = YES_ERROR;
				CLANG_WARN_QUOTED_INCLUDE_IN_FRAMEWORK_HEADER = YES;
				CLANG_WARN_RANGE_LOOP_ANALYSIS = YES;
				CLANG_WARN_STRICT_PROTOTYPES = YES;
				CLANG_WARN_SUSPICIOUS_MOVE = YES;
				CLANG_WARN_UNGUARDED_AVAILABILITY = YES_AGGRESSIVE;
				CLANG_WARN_UNREACHABLE_CODE = YES;
				CLANG_WARN__DUPLICATE_METHOD_MATCH = YES;
				COPY_PHASE_STRIP = NO;
				DEBUG_INFORMATION_FORMAT = dwarf;
				ENABLE_STRICT_OBJC_MSGSEND = YES;
				ENABLE_TESTABILITY = YES;
				GCC_C_LANGUAGE_STANDARD = gnu11;
				GCC_DYNAMIC_NO_PIC = NO;
				GCC_NO_COMMON_BLOCKS = YES;
				GCC_OPTIMIZATION_LEVEL = 0;
				GCC_PREPROCESSOR_DEFINITIONS = (
					"DEBUG=1",
					"$(inherited)",
				);
				GCC_WARN_64_TO_32_BIT_CONVERSION = YES;
				GCC_WARN_ABOUT_RETURN_TYPE = YES_ERROR;
				GCC_WARN_UNDECLARED_SELECTOR = YES;
				GCC_WARN_UNINITIALIZED_AUTOS = YES_AGGRESSIVE;
				GCC_WARN_UNUSED_FUNCTION = YES;
				GCC_WARN_UNUSED_VARIABLE = YES;
				IPHONEOS_DEPLOYMENT_TARGET = 16.0;
				MTL_ENABLE_DEBUG_INFO = INCLUDE_SOURCE;
				MTL_FAST_MATH = YES;
				ONLY_ACTIVE_ARCH = YES;
				SDKROOT = iphoneos;
				SWIFT_ACTIVE_COMPILATION_CONDITIONS = DEBUG;
				SWIFT_OPTIMIZATION_LEVEL = "-Onone";
			};
			name = Debug;
		};
		47ABD1F8288654C60090387F /* Release */ = {
			isa = XCBuildConfiguration;
			buildSettings = {
				ALWAYS_SEARCH_USER_PATHS = NO;
				CLANG_ANALYZER_NONNULL = YES;
				CLANG_ANALYZER_NUMBER_OBJECT_CONVERSION = YES_AGGRESSIVE;
				CLANG_CXX_LANGUAGE_STANDARD = "gnu++17";
				CLANG_ENABLE_MODULES = YES;
				CLANG_ENABLE_OBJC_ARC = YES;
				CLANG_ENABLE_OBJC_WEAK = YES;
				CLANG_WARN_BLOCK_CAPTURE_AUTORELEASING = YES;
				CLANG_WARN_BOOL_CONVERSION = YES;
				CLANG_WARN_COMMA = YES;
				CLANG_WARN_CONSTANT_CONVERSION = YES;
				CLANG_WARN_DEPRECATED_OBJC_IMPLEMENTATIONS = YES;
				CLANG_WARN_DIRECT_OBJC_ISA_USAGE = YES_ERROR;
				CLANG_WARN_DOCUMENTATION_COMMENTS = YES;
				CLANG_WARN_EMPTY_BODY = YES;
				CLANG_WARN_ENUM_CONVERSION = YES;
				CLANG_WARN_INFINITE_RECURSION = YES;
				CLANG_WARN_INT_CONVERSION = YES;
				CLANG_WARN_NON_LITERAL_NULL_CONVERSION = YES;
				CLANG_WARN_OBJC_IMPLICIT_RETAIN_SELF = YES;
				CLANG_WARN_OBJC_LITERAL_CONVERSION = YES;
				CLANG_WARN_OBJC_ROOT_CLASS = YES_ERROR;
				CLANG_WARN_QUOTED_INCLUDE_IN_FRAMEWORK_HEADER = YES;
				CLANG_WARN_RANGE_LOOP_ANALYSIS = YES;
				CLANG_WARN_STRICT_PROTOTYPES = YES;
				CLANG_WARN_SUSPICIOUS_MOVE = YES;
				CLANG_WARN_UNGUARDED_AVAILABILITY = YES_AGGRESSIVE;
				CLANG_WARN_UNREACHABLE_CODE = YES;
				CLANG_WARN__DUPLICATE_METHOD_MATCH = YES;
				COPY_PHASE_STRIP = NO;
				DEBUG_INFORMATION_FORMAT = "dwarf-with-dsym";
				ENABLE_NS_ASSERTIONS = NO;
				ENABLE_STRICT_OBJC_MSGSEND = YES;
				GCC_C_LANGUAGE_STANDARD = gnu11;
				GCC_NO_COMMON_BLOCKS = YES;
				GCC_WARN_64_TO_32_BIT_CONVERSION = YES;
				GCC_WARN_ABOUT_RETURN_TYPE = YES_ERROR;
				GCC_WARN_UNDECLARED_SELECTOR = YES;
				GCC_WARN_UNINITIALIZED_AUTOS = YES_AGGRESSIVE;
				GCC_WARN_UNUSED_FUNCTION = YES;
				GCC_WARN_UNUSED_VARIABLE = YES;
				IPHONEOS_DEPLOYMENT_TARGET = 16.0;
				MTL_ENABLE_DEBUG_INFO = NO;
				MTL_FAST_MATH = YES;
				SDKROOT = iphoneos;
				SWIFT_COMPILATION_MODE = wholemodule;
				SWIFT_OPTIMIZATION_LEVEL = "-O";
				VALIDATE_PRODUCT = YES;
			};
			name = Release;
		};
		47ABD1FA288654C60090387F /* Debug */ = {
			isa = XCBuildConfiguration;
			buildSettings = {
				ASSETCATALOG_COMPILER_APPICON_NAME = AppIcon;
				ASSETCATALOG_COMPILER_GLOBAL_ACCENT_COLOR_NAME = AccentColor;
				CODE_SIGN_STYLE = Automatic;
				CURRENT_PROJECT_VERSION = 1;
				DEVELOPMENT_ASSET_PATHS = "\"UI-617/Preview Content\"";
				DEVELOPMENT_TEAM = 8CL4U468K5;
				ENABLE_PREVIEWS = YES;
				GENERATE_INFOPLIST_FILE = YES;
				INFOPLIST_FILE = "UI-617/Info.plist";
				INFOPLIST_KEY_UIApplicationSceneManifest_Generation = YES;
				INFOPLIST_KEY_UIApplicationSupportsIndirectInputEvents = YES;
				INFOPLIST_KEY_UILaunchScreen_Generation = YES;
				INFOPLIST_KEY_UISupportedInterfaceOrientations_iPad = "UIInterfaceOrientationPortrait UIInterfaceOrientationPortraitUpsideDown UIInterfaceOrientationLandscapeLeft UIInterfaceOrientationLandscapeRight";
				INFOPLIST_KEY_UISupportedInterfaceOrientations_iPhone = "UIInterfaceOrientationPortrait UIInterfaceOrientationLandscapeLeft UIInterfaceOrientationLandscapeRight";
				LD_RUNPATH_SEARCH_PATHS = (
					"$(inherited)",
					"@executable_path/Frameworks",
				);
				MARKETING_VERSION = 1.0;
				PRODUCT_BUNDLE_IDENTIFIER = "com.585.UI-617";
				PRODUCT_NAME = "$(TARGET_NAME)";
				SWIFT_EMIT_LOC_STRINGS = YES;
				SWIFT_VERSION = 5.0;
				TARGETED_DEVICE_FAMILY = "1,2";
			};
			name = Debug;
		};
		47ABD1FB288654C60090387F /* Release */ = {
			isa = XCBuildConfiguration;
			buildSettings = {
				ASSETCATALOG_COMPILER_APPICON_NAME = AppIcon;
				ASSETCATALOG_COMPILER_GLOBAL_ACCENT_COLOR_NAME = AccentColor;
				CODE_SIGN_STYLE = Automatic;
				CURRENT_PROJECT_VERSION = 1;
				DEVELOPMENT_ASSET_PATHS = "\"UI-617/Preview Content\"";
				DEVELOPMENT_TEAM = 8CL4U468K5;
				ENABLE_PREVIEWS = YES;
				GENERATE_INFOPLIST_FILE = YES;
				INFOPLIST_FILE = "UI-617/Info.plist";
				INFOPLIST_KEY_UIApplicationSceneManifest_Generation = YES;
				INFOPLIST_KEY_UIApplicationSupportsIndirectInputEvents = YES;
				INFOPLIST_KEY_UILaunchScreen_Generation = YES;
				INFOPLIST_KEY_UISupportedInterfaceOrientations_iPad = "UIInterfaceOrientationPortrait UIInterfaceOrientationPortraitUpsideDown UIInterfaceOrientationLandscapeLeft UIInterfaceOrientationLandscapeRight";
				INFOPLIST_KEY_UISupportedInterfaceOrientations_iPhone = "UIInterfaceOrientationPortrait UIInterfaceOrientationLandscapeLeft UIInterfaceOrientationLandscapeRight";
				LD_RUNPATH_SEARCH_PATHS = (
					"$(inherited)",
					"@executable_path/Frameworks",
				);
				MARKETING_VERSION = 1.0;
				PRODUCT_BUNDLE_IDENTIFIER = "com.585.UI-617";
				PRODUCT_NAME = "$(TARGET_NAME)";
				SWIFT_EMIT_LOC_STRINGS = YES;
				SWIFT_VERSION = 5.0;
				TARGETED_DEVICE_FAMILY = "1,2";
			};
			name = Release;
		};
		47ABD1FD288654C60090387F /* Debug */ = {
			isa = XCBuildConfiguration;
			buildSettings = {
				ALWAYS_EMBED_SWIFT_STANDARD_LIBRARIES = YES;
				BUNDLE_LOADER = "$(TEST_HOST)";
				CODE_SIGN_STYLE = Automatic;
				CURRENT_PROJECT_VERSION = 1;
				DEVELOPMENT_TEAM = 8CL4U468K5;
				GENERATE_INFOPLIST_FILE = YES;
				IPHONEOS_DEPLOYMENT_TARGET = 16.0;
				MARKETING_VERSION = 1.0;
				PRODUCT_BUNDLE_IDENTIFIER = "com.585.UI-617Tests";
				PRODUCT_NAME = "$(TARGET_NAME)";
				SWIFT_EMIT_LOC_STRINGS = NO;
				SWIFT_VERSION = 5.0;
				TARGETED_DEVICE_FAMILY = "1,2";
				TEST_HOST = "$(BUILT_PRODUCTS_DIR)/UI-617.app/$(BUNDLE_EXECUTABLE_FOLDER_PATH)/UI-617";
			};
			name = Debug;
		};
		47ABD1FE288654C60090387F /* Release */ = {
			isa = XCBuildConfiguration;
			buildSettings = {
				ALWAYS_EMBED_SWIFT_STANDARD_LIBRARIES = YES;
				BUNDLE_LOADER = "$(TEST_HOST)";
				CODE_SIGN_STYLE = Automatic;
				CURRENT_PROJECT_VERSION = 1;
				DEVELOPMENT_TEAM = 8CL4U468K5;
				GENERATE_INFOPLIST_FILE = YES;
				IPHONEOS_DEPLOYMENT_TARGET = 16.0;
				MARKETING_VERSION = 1.0;
				PRODUCT_BUNDLE_IDENTIFIER = "com.585.UI-617Tests";
				PRODUCT_NAME = "$(TARGET_NAME)";
				SWIFT_EMIT_LOC_STRINGS = NO;
				SWIFT_VERSION = 5.0;
				TARGETED_DEVICE_FAMILY = "1,2";
				TEST_HOST = "$(BUILT_PRODUCTS_DIR)/UI-617.app/$(BUNDLE_EXECUTABLE_FOLDER_PATH)/UI-617";
			};
			name = Release;
		};
		47ABD200288654C60090387F /* Debug */ = {
			isa = XCBuildConfiguration;
			buildSettings = {
				ALWAYS_EMBED_SWIFT_STANDARD_LIBRARIES = YES;
				CODE_SIGN_STYLE = Automatic;
				CURRENT_PROJECT_VERSION = 1;
				DEVELOPMENT_TEAM = 8CL4U468K5;
				GENERATE_INFOPLIST_FILE = YES;
				MARKETING_VERSION = 1.0;
				PRODUCT_BUNDLE_IDENTIFIER = "com.585.UI-617UITests";
				PRODUCT_NAME = "$(TARGET_NAME)";
				SWIFT_EMIT_LOC_STRINGS = NO;
				SWIFT_VERSION = 5.0;
				TARGETED_DEVICE_FAMILY = "1,2";
				TEST_TARGET_NAME = "UI-617";
			};
			name = Debug;
		};
		47ABD201288654C60090387F /* Release */ = {
			isa = XCBuildConfiguration;
			buildSettings = {
				ALWAYS_EMBED_SWIFT_STANDARD_LIBRARIES = YES;
				CODE_SIGN_STYLE = Automatic;
				CURRENT_PROJECT_VERSION = 1;
				DEVELOPMENT_TEAM = 8CL4U468K5;
				GENERATE_INFOPLIST_FILE = YES;
				MARKETING_VERSION = 1.0;
				PRODUCT_BUNDLE_IDENTIFIER = "com.585.UI-617UITests";
				PRODUCT_NAME = "$(TARGET_NAME)";
				SWIFT_EMIT_LOC_STRINGS = NO;
				SWIFT_VERSION = 5.0;
				TARGETED_DEVICE_FAMILY = "1,2";
				TEST_TARGET_NAME = "UI-617";
			};
			name = Release;
		};
/* End XCBuildConfiguration section */

/* Begin XCConfigurationList section */
		47ABD1D0288654C50090387F /* Build configuration list for PBXProject "UI-617" */ = {
			isa = XCConfigurationList;
			buildConfigurations = (
				47ABD1F7288654C60090387F /* Debug */,
				47ABD1F8288654C60090387F /* Release */,
			);
			defaultConfigurationIsVisible = 0;
			defaultConfigurationName = Release;
		};
		47ABD1F9288654C60090387F /* Build configuration list for PBXNativeTarget "UI-617" */ = {
			isa = XCConfigurationList;
			buildConfigurations = (
				47ABD1FA288654C60090387F /* Debug */,
				47ABD1FB288654C60090387F /* Release */,
			);
			defaultConfigurationIsVisible = 0;
			defaultConfigurationName = Release;
		};
		47ABD1FC288654C60090387F /* Build configuration list for PBXNativeTarget "UI-617Tests" */ = {
			isa = XCConfigurationList;
			buildConfigurations = (
				47ABD1FD288654C60090387F /* Debug */,
				47ABD1FE288654C60090387F /* Release */,
			);
			defaultConfigurationIsVisible = 0;
			defaultConfigurationName = Release;
		};
		47ABD1FF288654C60090387F /* Build configuration list for PBXNativeTarget "UI-617UITests" */ = {
			isa = XCConfigurationList;
			buildConfigurations = (
				47ABD200288654C60090387F /* Debug */,
				47ABD201288654C60090387F /* Release */,
			);
			defaultConfigurationIsVisible = 0;
			defaultConfigurationName = Release;
		};
/* End XCConfigurationList section */
	};
	rootObject = 47ABD1CD288654C50090387F /* Project object */;
}
